
Microsoft Visual Studio Solution File, Format Version 12.00
# Visual Studio Version 16
VisualStudioVersion = 16.0.33027.164
MinimumVisualStudioVersion = 10.0.40219.1
Project("{FAE04EC0-301F-11D3-BF4B-00C04F79EFBC}") = "SuperMarket Management System(new)", "SuperMarket Management System(new).csproj", "{062F959E-4EC1-49EE-8CCF-0FDCAF56DC64}"
EndProject
Global
	GlobalSection(SolutionConfigurationPlatforms) = preSolution
		Debug|Any CPU = Debug|Any CPU
		Release|Any CPU = Release|Any CPU
	EndGlobalSection
	GlobalSection(ProjectConfigurationPlatforms) = postSolution
		{062F959E-4EC1-49EE-8CCF-0FDCAF56DC64}.Debug|Any CPU.ActiveCfg = Debug|Any CPU
		{062F959E-4EC1-49EE-8CCF-0FDCAF56DC64}.Debug|Any CPU.Build.0 = Debug|Any CPU
		{062F959E-4EC1-49EE-8CCF-0FDCAF56DC64}.Release|Any CPU.ActiveCfg = Release|Any CPU
		{062F959E-4EC1-49EE-8CCF-0FDCAF56DC64}.Release|Any CPU.Build.0 = Release|Any CPU
	EndGlobalSection
	GlobalSection(SolutionProperties) = preSolution
		HideSolutionNode = FALSE
	EndGlobalSection
	GlobalSection(ExtensibilityGlobals) = postSolution
		SolutionGuid = {D5A0E0F5-D1A7-48F6-9E3F-C41BB8A53E1D}
	EndGlobalSection
EndGlobal
